{
    "name": "@mainzjs/cli-node",
    "version": "0.1.0-alpha.38",
    "lockfileVersion": 3,
    "requires": true,
    "packages": {
        "": {
            "name": "@mainzjs/cli-node",
            "version": "0.1.0-alpha.38",
            "bin": {
                "mainz": "bin/mainz.js"
            },
            "engines": {
                "node": ">=20.19.0"
            }
        }
    }
}
